// !$*UTF8*$!
{
	archiveVersion = 1;
	classes = {
	};
	objectVersion = 55;
	objects = {

/* Begin PBXBuildFile section */
		AAD621C928390D4B005E8355 /* AppDelegate.swift in Sources */ = {isa = PBXBuildFile; fileRef = AAD621C828390D4B005E8355 /* AppDelegate.swift */; };
		AAD621CB28390D4B005E8355 /* SceneDelegate.swift in Sources */ = {isa = PBXBuildFile; fileRef = AAD621CA28390D4B005E8355 /* SceneDelegate.swift */; };
		AAD621CD28390D4B005E8355 /* ViewController.swift in Sources */ = {isa = PBXBuildFile; fileRef = AAD621CC28390D4B005E8355 /* ViewController.swift */; };
		AAD621D028390D4B005E8355 /* Main.storyboard in Resources */ = {isa = PBXBuildFile; fileRef = AAD621CE28390D4B005E8355 /* Main.storyboard */; };
		AAD621D228390D4E005E8355 /* Assets.xcassets in Resources */ = {isa = PBXBuildFile; fileRef = AAD621D128390D4E005E8355 /* Assets.xcassets */; };
		AAD621D528390D4E005E8355 /* LaunchScreen.storyboard in Resources */ = {isa = PBXBuildFile; fileRef = AAD621D328390D4E005E8355 /* LaunchScreen.storyboard */; };
		AAD621E028390D4E005E8355 /* TrendingOnGithubTests.swift in Sources */ = {isa = PBXBuildFile; fileRef = AAD621DF28390D4E005E8355 /* TrendingOnGithubTests.swift */; };
		AAD621EA28390D4E005E8355 /* TrendingOnGithubUITests.swift in Sources */ = {isa = PBXBuildFile; fileRef = AAD621E928390D4E005E8355 /* TrendingOnGithubUITests.swift */; };
		AAD621EC28390D4E005E8355 /* TrendingOnGithubUITestsLaunchTests.swift in Sources */ = {isa = PBXBuildFile; fileRef = AAD621EB28390D4E005E8355 /* TrendingOnGithubUITestsLaunchTests.swift */; };
/* End PBXBuildFile section */

/* Begin PBXContainerItemProxy section */
		AAD621DC28390D4E005E8355 /* PBXContainerItemProxy */ = {
			isa = PBXContainerItemProxy;
			containerPortal = AAD621BD28390D4B005E8355 /* Project object */;
			proxyType = 1;
			remoteGlobalIDString = AAD621C428390D4B005E8355;
			remoteInfo = TrendingOnGithub;
		};
		AAD621E628390D4E005E8355 /* PBXContainerItemProxy */ = {
			isa = PBXContainerItemProxy;
			containerPortal = AAD621BD28390D4B005E8355 /* Project object */;
			proxyType = 1;
			remoteGlobalIDString = AAD621C428390D4B005E8355;
			remoteInfo = TrendingOnGithub;
		};
/* End PBXContainerItemProxy section */

/* Begin PBXFileReference section */
		AAD621C528390D4B005E8355 /* TrendingOnGithub.app */ = {isa = PBXFileReference; explicitFileType = wrapper.application; includeInIndex = 0; path = TrendingOnGithub.app; sourceTree = BUILT_PRODUCTS_DIR; };
		AAD621C828390D4B005E8355 /* AppDelegate.swift */ = {isa = PBXFileReference; lastKnownFileType = sourcecode.swift; path = AppDelegate.swift; sourceTree = "<group>"; };
		AAD621CA28390D4B005E8355 /* SceneDelegate.swift */ = {isa = PBXFileReference; lastKnownFileType = sourcecode.swift; path = SceneDelegate.swift; sourceTree = "<group>"; };
		AAD621CC28390D4B005E8355 /* ViewController.swift */ = {isa = PBXFileReference; lastKnownFileType = sourcecode.swift; path = ViewController.swift; sourceTree = "<group>"; };
		AAD621CF28390D4B005E8355 /* Base */ = {isa = PBXFileReference; lastKnownFileType = file.storyboard; name = Base; path = Base.lproj/Main.storyboard; sourceTree = "<group>"; };
		AAD621D128390D4E005E8355 /* Assets.xcassets */ = {isa = PBXFileReference; lastKnownFileType = folder.assetcatalog; path = Assets.xcassets; sourceTree = "<group>"; };
		AAD621D428390D4E005E8355 /* Base */ = {isa = PBXFileReference; lastKnownFileType = file.storyboard; name = Base; path = Base.lproj/LaunchScreen.storyboard; sourceTree = "<group>"; };
		AAD621D628390D4E005E8355 /* Info.plist */ = {isa = PBXFileReference; lastKnownFileType = text.plist.xml; path = Info.plist; sourceTree = "<group>"; };
		AAD621DB28390D4E005E8355 /* TrendingOnGithubTests.xctest */ = {isa = PBXFileReference; explicitFileType = wrapper.cfbundle; includeInIndex = 0; path = TrendingOnGithubTests.xctest; sourceTree = BUILT_PRODUCTS_DIR; };
		AAD621DF28390D4E005E8355 /* TrendingOnGithubTests.swift */ = {isa = PBXFileReference; lastKnownFileType = sourcecode.swift; path = TrendingOnGithubTests.swift; sourceTree = "<group>"; };
		AAD621E528390D4E005E8355 /* TrendingOnGithubUITests.xctest */ = {isa = PBXFileReference; explicitFileType = wrapper.cfbundle; includeInIndex = 0; path = TrendingOnGithubUITests.xctest; sourceTree = BUILT_PRODUCTS_DIR; };
		AAD621E928390D4E005E8355 /* TrendingOnGithubUITests.swift */ = {isa = PBXFileReference; lastKnownFileType = sourcecode.swift; path = TrendingOnGithubUITests.swift; sourceTree = "<group>"; };
		AAD621EB28390D4E005E8355 /* TrendingOnGithubUITestsLaunchTests.swift */ = {isa = PBXFileReference; lastKnownFileType = sourcecode.swift; path = TrendingOnGithubUITestsLaunchTests.swift; sourceTree = "<group>"; };
/* End PBXFileReference section */

/* Begin PBXFrameworksBuildPhase section */
		AAD621C228390D4B005E8355 /* Frameworks */ = {
			isa = PBXFrameworksBuildPhase;
			buildActionMask = 2147483647;
			files = (
			);
			runOnlyForDeploymentPostprocessing = 0;
		};
		AAD621D828390D4E005E8355 /* Frameworks */ = {
			isa = PBXFrameworksBuildPhase;
			buildActionMask = 2147483647;
			files = (
			);
			runOnlyForDeploymentPostprocessing = 0;
		};
		AAD621E228390D4E005E8355 /* Frameworks */ = {
			isa = PBXFrameworksBuildPhase;
			buildActionMask = 2147483647;
			files = (
			);
			runOnlyForDeploymentPostprocessing = 0;
		};
/* End PBXFrameworksBuildPhase section */

/* Begin PBXGroup section */
		AAD621BC28390D4B005E8355 = {
			isa = PBXGroup;
			children = (
				AAD621C728390D4B005E8355 /* TrendingOnGithub */,
				AAD621DE28390D4E005E8355 /* TrendingOnGithubTests */,
				AAD621E828390D4E005E8355 /* TrendingOnGithubUITests */,
				AAD621C628390D4B005E8355 /* Products */,
			);
			sourceTree = "<group>";
		};
		AAD621C628390D4B005E8355 /* Products */ = {
			isa = PBXGroup;
			children = (
				AAD621C528390D4B005E8355 /* TrendingOnGithub.app */,
				AAD621DB28390D4E005E8355 /* TrendingOnGithubTests.xctest */,
				AAD621E528390D4E005E8355 /* TrendingOnGithubUITests.xctest */,
			);
			name = Products;
			sourceTree = "<group>";
		};
		AAD621C728390D4B005E8355 /* TrendingOnGithub */ = {
			isa = PBXGroup;
			children = (
				AAD621C828390D4B005E8355 /* AppDelegate.swift */,
				AAD621CA28390D4B005E8355 /* SceneDelegate.swift */,
				AAD621CC28390D4B005E8355 /* ViewController.swift */,
				AAD621CE28390D4B005E8355 /* Main.storyboard */,
				AAD621D128390D4E005E8355 /* Assets.xcassets */,
				AAD621D328390D4E005E8355 /* LaunchScreen.storyboard */,
				AAD621D628390D4E005E8355 /* Info.plist */,
			);
			path = TrendingOnGithub;
			sourceTree = "<group>";
		};
		AAD621DE28390D4E005E8355 /* TrendingOnGithubTests */ = {
			isa = PBXGroup;
			children = (
				AAD621DF28390D4E005E8355 /* TrendingOnGithubTests.swift */,
			);
			path = TrendingOnGithubTests;
			sourceTree = "<group>";
		};
		AAD621E828390D4E005E8355 /* TrendingOnGithubUITests */ = {
			isa = PBXGroup;
			children = (
				AAD621E928390D4E005E8355 /* TrendingOnGithubUITests.swift */,
				AAD621EB28390D4E005E8355 /* TrendingOnGithubUITestsLaunchTests.swift */,
			);
			path = TrendingOnGithubUITests;
			sourceTree = "<group>";
		};
/* End PBXGroup section */

/* Begin PBXNativeTarget section */
		AAD621C428390D4B005E8355 /* TrendingOnGithub */ = {
			isa = PBXNativeTarget;
			buildConfigurationList = AAD621EF28390D4E005E8355 /* Build configuration list for PBXNativeTarget "TrendingOnGithub" */;
			buildPhases = (
				AAD621C128390D4B005E8355 /* Sources */,
				AAD621C228390D4B005E8355 /* Frameworks */,
				AAD621C328390D4B005E8355 /* Resources */,
			);
			buildRules = (
			);
			dependencies = (
			);
			name = TrendingOnGithub;
			productName = TrendingOnGithub;
			productReference = AAD621C528390D4B005E8355 /* TrendingOnGithub.app */;
			productType = "com.apple.product-type.application";
		};
		AAD621DA28390D4E005E8355 /* TrendingOnGithubTests */ = {
			isa = PBXNativeTarget;
			buildConfigurationList = AAD621F228390D4E005E8355 /* Build configuration list for PBXNativeTarget "TrendingOnGithubTests" */;
			buildPhases = (
				AAD621D728390D4E005E8355 /* Sources */,
				AAD621D828390D4E005E8355 /* Frameworks */,
				AAD621D928390D4E005E8355 /* Resources */,
			);
			buildRules = (
			);
			dependencies = (
				AAD621DD28390D4E005E8355 /* PBXTargetDependency */,
			);
			name = TrendingOnGithubTests;
			productName = TrendingOnGithubTests;
			productReference = AAD621DB28390D4E005E8355 /* TrendingOnGithubTests.xctest */;
			productType = "com.apple.product-type.bundle.unit-test";
		};
		AAD621E428390D4E005E8355 /* TrendingOnGithubUITests */ = {
			isa = PBXNativeTarget;
			buildConfigurationList = AAD621F528390D4E005E8355 /* Build configuration list for PBXNativeTarget "TrendingOnGithubUITests" */;
			buildPhases = (
				AAD621E128390D4E005E8355 /* Sources */,
				AAD621E228390D4E005E8355 /* Frameworks */,
				AAD621E328390D4E005E8355 /* Resources */,
			);
			buildRules = (
			);
			dependencies = (
				AAD621E728390D4E005E8355 /* PBXTargetDependency */,
			);
			name = TrendingOnGithubUITests;
			productName = TrendingOnGithubUITests;
			productReference = AAD621E528390D4E005E8355 /* TrendingOnGithubUITests.xctest */;
			productType = "com.apple.product-type.bundle.ui-testing";
		};
/* End PBXNativeTarget section */

/* Begin PBXProject section */
		AAD621BD28390D4B005E8355 /* Project object */ = {
			isa = PBXProject;
			attributes = {
				BuildIndependentTargetsInParallel = 1;
				LastSwiftUpdateCheck = 1320;
				LastUpgradeCheck = 1320;
				TargetAttributes = {
					AAD621C428390D4B005E8355 = {
						CreatedOnToolsVersion = 13.2.1;
					};
					AAD621DA28390D4E005E8355 = {
						CreatedOnToolsVersion = 13.2.1;
						TestTargetID = AAD621C428390D4B005E8355;
					};
					AAD621E428390D4E005E8355 = {
						CreatedOnToolsVersion = 13.2.1;
						TestTargetID = AAD621C428390D4B005E8355;
					};
				};
			};
			buildConfigurationList = AAD621C028390D4B005E8355 /* Build configuration list for PBXProject "TrendingOnGithub" */;
			compatibilityVersion = "Xcode 13.0";
			developmentRegion = en;
			hasScannedForEncodings = 0;
			knownRegions = (
				en,
				Base,
			);
			mainGroup = AAD621BC28390D4B005E8355;
			productRefGroup = AAD621C628390D4B005E8355 /* Products */;
			projectDirPath = "";
			projectRoot = "";
			targets = (
				AAD621C428390D4B005E8355 /* TrendingOnGithub */,
				AAD621DA28390D4E005E8355 /* TrendingOnGithubTests */,
				AAD621E428390D4E005E8355 /* TrendingOnGithubUITests */,
			);
		};
/* End PBXProject section */

/* Begin PBXResourcesBuildPhase section */
		AAD621C328390D4B005E8355 /* Resources */ = {
			isa = PBXResourcesBuildPhase;
			buildActionMask = 2147483647;
			files = (
				AAD621D528390D4E005E8355 /* LaunchScreen.storyboard in Resources */,
				AAD621D228390D4E005E8355 /* Assets.xcassets in Resources */,
				AAD621D028390D4B005E8355 /* Main.storyboard in Resources */,
			);
			runOnlyForDeploymentPostprocessing = 0;
		};
		AAD621D928390D4E005E8355 /* Resources */ = {
			isa = PBXResourcesBuildPhase;
			buildActionMask = 2147483647;
			files = (
			);
			runOnlyForDeploymentPostprocessing = 0;
		};
		AAD621E328390D4E005E8355 /* Resources */ = {
			isa = PBXResourcesBuildPhase;
			buildActionMask = 2147483647;
			files = (
			);
			runOnlyForDeploymentPostprocessing = 0;
		};
/* End PBXResourcesBuildPhase section */

/* Begin PBXSourcesBuildPhase section */
		AAD621C128390D4B005E8355 /* Sources */ = {
			isa = PBXSourcesBuildPhase;
			buildActionMask = 2147483647;
			files = (
				AAD621CD28390D4B005E8355 /* ViewController.swift in Sources */,
				AAD621C928390D4B005E8355 /* AppDelegate.swift in Sources */,
				AAD621CB28390D4B005E8355 /* SceneDelegate.swift in Sources */,
			);
			runOnlyForDeploymentPostprocessing = 0;
		};
		AAD621D728390D4E005E8355 /* Sources */ = {
			isa = PBXSourcesBuildPhase;
			buildActionMask = 2147483647;
			files = (
				AAD621E028390D4E005E8355 /* TrendingOnGithubTests.swift in Sources */,
			);
			runOnlyForDeploymentPostprocessing = 0;
		};
		AAD621E128390D4E005E8355 /* Sources */ = {
			isa = PBXSourcesBuildPhase;
			buildActionMask = 2147483647;
			files = (
				AAD621EA28390D4E005E8355 /* TrendingOnGithubUITests.swift in Sources */,
				AAD621EC28390D4E005E8355 /* TrendingOnGithubUITestsLaunchTests.swift in Sources */,
			);
			runOnlyForDeploymentPostprocessing = 0;
		};
/* End PBXSourcesBuildPhase section */

/* Begin PBXTargetDependency section */
		AAD621DD28390D4E005E8355 /* PBXTargetDependency */ = {
			isa = PBXTargetDependency;
			target = AAD621C428390D4B005E8355 /* TrendingOnGithub */;
			targetProxy = AAD621DC28390D4E005E8355 /* PBXContainerItemProxy */;
		};
		AAD621E728390D4E005E8355 /* PBXTargetDependency */ = {
			isa = PBXTargetDependency;
			target = AAD621C428390D4B005E8355 /* TrendingOnGithub */;
			targetProxy = AAD621E628390D4E005E8355 /* PBXContainerItemProxy */;
		};
/* End PBXTargetDependency section */

/* Begin PBXVariantGroup section */
		AAD621CE28390D4B005E8355 /* Main.storyboard */ = {
			isa = PBXVariantGroup;
			children = (
				AAD621CF28390D4B005E8355 /* Base */,
			);
			name = Main.storyboard;
			sourceTree = "<group>";
		};
		AAD621D328390D4E005E8355 /* LaunchScreen.storyboard */ = {
			isa = PBXVariantGroup;
			children = (
				AAD621D428390D4E005E8355 /* Base */,
			);
			name = LaunchScreen.storyboard;
			sourceTree = "<group>";
		};
/* End PBXVariantGroup section */

/* Begin XCBuildConfiguration section */
		AAD621ED28390D4E005E8355 /* Debug */ = {
			isa = XCBuildConfiguration;
			buildSettings = {
				ALWAYS_SEARCH_USER_PATHS = NO;
				CLANG_ANALYZER_NONNULL = YES;
				CLANG_ANALYZER_NUMBER_OBJECT_CONVERSION = YES_AGGRESSIVE;
				CLANG_CXX_LANGUAGE_STANDARD = "gnu++17";
				CLANG_CXX_LIBRARY = "libc++";
				CLANG_ENABLE_MODULES = YES;
				CLANG_ENABLE_OBJC_ARC = YES;
				CLANG_ENABLE_OBJC_WEAK = YES;
				CLANG_WARN_BLOCK_CAPTURE_AUTORELEASING = YES;
				CLANG_WARN_BOOL_CONVERSION = YES;
				CLANG_WARN_COMMA = YES;
				CLANG_WARN_CONSTANT_CONVERSION = YES;
				CLANG_WARN_DEPRECATED_OBJC_IMPLEMENTATIONS = YES;
				CLANG_WARN_DIRECT_OBJC_ISA_USAGE = YES_ERROR;
				CLANG_WARN_DOCUMENTATION_COMMENTS = YES;
				CLANG_WARN_EMPTY_BODY = YES;
				CLANG_WARN_ENUM_CONVERSION = YES;
				CLANG_WARN_INFINITE_RECURSION = YES;
				CLANG_WARN_INT_CONVERSION = YES;
				CLANG_WARN_NON_LITERAL_NULL_CONVERSION = YES;
				CLANG_WARN_OBJC_IMPLICIT_RETAIN_SELF = YES;
				CLANG_WARN_OBJC_LITERAL_CONVERSION = YES;
				CLANG_WARN_OBJC_ROOT_CLASS = YES_ERROR;
				CLANG_WARN_QUOTED_INCLUDE_IN_FRAMEWORK_HEADER = YES;
				CLANG_WARN_RANGE_LOOP_ANALYSIS = YES;
				CLANG_WARN_STRICT_PROTOTYPES = YES;
				CLANG_WARN_SUSPICIOUS_MOVE = YES;
				CLANG_WARN_UNGUARDED_AVAILABILITY = YES_AGGRESSIVE;
				CLANG_WARN_UNREACHABLE_CODE = YES;
				CLANG_WARN__DUPLICATE_METHOD_MATCH = YES;
				COPY_PHASE_STRIP = NO;
				DEBUG_INFORMATION_FORMAT = dwarf;
				ENABLE_STRICT_OBJC_MSGSEND = YES;
				ENABLE_TESTABILITY = YES;
				GCC_C_LANGUAGE_STANDARD = gnu11;
				GCC_DYNAMIC_NO_PIC = NO;
				GCC_NO_COMMON_BLOCKS = YES;
				GCC_OPTIMIZATION_LEVEL = 0;
				GCC_PREPROCESSOR_DEFINITIONS = (
					"DEBUG=1",
					"$(inherited)",
				);
				GCC_WARN_64_TO_32_BIT_CONVERSION = YES;
				GCC_WARN_ABOUT_RETURN_TYPE = YES_ERROR;
				GCC_WARN_UNDECLARED_SELECTOR = YES;
				GCC_WARN_UNINITIALIZED_AUTOS = YES_AGGRESSIVE;
				GCC_WARN_UNUSED_FUNCTION = YES;
				GCC_WARN_UNUSED_VARIABLE = YES;
				IPHONEOS_DEPLOYMENT_TARGET = 15.2;
				MTL_ENABLE_DEBUG_INFO = INCLUDE_SOURCE;
				MTL_FAST_MATH = YES;
				ONLY_ACTIVE_ARCH = YES;
				SDKROOT = iphoneos;
				SWIFT_ACTIVE_COMPILATION_CONDITIONS = DEBUG;
				SWIFT_OPTIMIZATION_LEVEL = "-Onone";
			};
			name = Debug;
		};
		AAD621EE28390D4E005E8355 /* Release */ = {
			isa = XCBuildConfiguration;
			buildSettings = {
				ALWAYS_SEARCH_USER_PATHS = NO;
				CLANG_ANALYZER_NONNULL = YES;
				CLANG_ANALYZER_NUMBER_OBJECT_CONVERSION = YES_AGGRESSIVE;
				CLANG_CXX_LANGUAGE_STANDARD = "gnu++17";
				CLANG_CXX_LIBRARY = "libc++";
				CLANG_ENABLE_MODULES = YES;
				CLANG_ENABLE_OBJC_ARC = YES;
				CLANG_ENABLE_OBJC_WEAK = YES;
				CLANG_WARN_BLOCK_CAPTURE_AUTORELEASING = YES;
				CLANG_WARN_BOOL_CONVERSION = YES;
				CLANG_WARN_COMMA = YES;
				CLANG_WARN_CONSTANT_CONVERSION = YES;
				CLANG_WARN_DEPRECATED_OBJC_IMPLEMENTATIONS = YES;
				CLANG_WARN_DIRECT_OBJC_ISA_USAGE = YES_ERROR;
				CLANG_WARN_DOCUMENTATION_COMMENTS = YES;
				CLANG_WARN_EMPTY_BODY = YES;
				CLANG_WARN_ENUM_CONVERSION = YES;
				CLANG_WARN_INFINITE_RECURSION = YES;
				CLANG_WARN_INT_CONVERSION = YES;
				CLANG_WARN_NON_LITERAL_NULL_CONVERSION = YES;
				CLANG_WARN_OBJC_IMPLICIT_RETAIN_SELF = YES;
				CLANG_WARN_OBJC_LITERAL_CONVERSION = YES;
				CLANG_WARN_OBJC_ROOT_CLASS = YES_ERROR;
				CLANG_WARN_QUOTED_INCLUDE_IN_FRAMEWORK_HEADER = YES;
				CLANG_WARN_RANGE_LOOP_ANALYSIS = YES;
				CLANG_WARN_STRICT_PROTOTYPES = YES;
				CLANG_WARN_SUSPICIOUS_MOVE = YES;
				CLANG_WARN_UNGUARDED_AVAILABILITY = YES_AGGRESSIVE;
				CLANG_WARN_UNREACHABLE_CODE = YES;
				CLANG_WARN__DUPLICATE_METHOD_MATCH = YES;
				COPY_PHASE_STRIP = NO;
				DEBUG_INFORMATION_FORMAT = "dwarf-with-dsym";
				ENABLE_NS_ASSERTIONS = NO;
				ENABLE_STRICT_OBJC_MSGSEND = YES;
				GCC_C_LANGUAGE_STANDARD = gnu11;
				GCC_NO_COMMON_BLOCKS = YES;
				GCC_WARN_64_TO_32_BIT_CONVERSION = YES;
				GCC_WARN_ABOUT_RETURN_TYPE = YES_ERROR;
				GCC_WARN_UNDECLARED_SELECTOR = YES;
				GCC_WARN_UNINITIALIZED_AUTOS = YES_AGGRESSIVE;
				GCC_WARN_UNUSED_FUNCTION = YES;
				GCC_WARN_UNUSED_VARIABLE = YES;
				IPHONEOS_DEPLOYMENT_TARGET = 15.2;
				MTL_ENABLE_DEBUG_INFO = NO;
				MTL_FAST_MATH = YES;
				SDKROOT = iphoneos;
				SWIFT_COMPILATION_MODE = wholemodule;
				SWIFT_OPTIMIZATION_LEVEL = "-O";
				VALIDATE_PRODUCT = YES;
			};
			name = Release;
		};
		AAD621F028390D4E005E8355 /* Debug */ = {
			isa = XCBuildConfiguration;
			buildSettings = {
				ASSETCATALOG_COMPILER_APPICON_NAME = AppIcon;
				ASSETCATALOG_COMPILER_GLOBAL_ACCENT_COLOR_NAME = AccentColor;
				CODE_SIGN_STYLE = Automatic;
				CURRENT_PROJECT_VERSION = 1;
				DEVELOPMENT_TEAM = 2V59WGQZG5;
				GENERATE_INFOPLIST_FILE = YES;
				INFOPLIST_FILE = TrendingOnGithub/Info.plist;
				INFOPLIST_KEY_UIApplicationSupportsIndirectInputEvents = YES;
				INFOPLIST_KEY_UILaunchStoryboardName = LaunchScreen;
				INFOPLIST_KEY_UIMainStoryboardFile = Main;
				INFOPLIST_KEY_UISupportedInterfaceOrientations_iPad = "UIInterfaceOrientationPortrait UIInterfaceOrientationPortraitUpsideDown UIInterfaceOrientationLandscapeLeft UIInterfaceOrientationLandscapeRight";
				INFOPLIST_KEY_UISupportedInterfaceOrientations_iPhone = "UIInterfaceOrientationPortrait UIInterfaceOrientationLandscapeLeft UIInterfaceOrientationLandscapeRight";
				LD_RUNPATH_SEARCH_PATHS = (
					"$(inherited)",
					"@executable_path/Frameworks",
				);
				MARKETING_VERSION = 1.0;
				PRODUCT_BUNDLE_IDENTIFIER = com.mehmood.TrendingOnGithub;
				PRODUCT_NAME = "$(TARGET_NAME)";
				SWIFT_EMIT_LOC_STRINGS = YES;
				SWIFT_VERSION = 5.0;
				TARGETED_DEVICE_FAMILY = "1,2";
			};
			name = Debug;
		};
		AAD621F128390D4E005E8355 /* Release */ = {
			isa = XCBuildConfiguration;
			buildSettings = {
				ASSETCATALOG_COMPILER_APPICON_NAME = AppIcon;
				ASSETCATALOG_COMPILER_GLOBAL_ACCENT_COLOR_NAME = AccentColor;
				CODE_SIGN_STYLE = Automatic;
				CURRENT_PROJECT_VERSION = 1;
				DEVELOPMENT_TEAM = 2V59WGQZG5;
				GENERATE_INFOPLIST_FILE = YES;
				INFOPLIST_FILE = TrendingOnGithub/Info.plist;
				INFOPLIST_KEY_UIApplicationSupportsIndirectInputEvents = YES;
				INFOPLIST_KEY_UILaunchStoryboardName = LaunchScreen;
				INFOPLIST_KEY_UIMainStoryboardFile = Main;
				INFOPLIST_KEY_UISupportedInterfaceOrientations_iPad = "UIInterfaceOrientationPortrait UIInterfaceOrientationPortraitUpsideDown UIInterfaceOrientationLandscapeLeft UIInterfaceOrientationLandscapeRight";
				INFOPLIST_KEY_UISupportedInterfaceOrientations_iPhone = "UIInterfaceOrientationPortrait UIInterfaceOrientationLandscapeLeft UIInterfaceOrientationLandscapeRight";
				LD_RUNPATH_SEARCH_PATHS = (
					"$(inherited)",
					"@executable_path/Frameworks",
				);
				MARKETING_VERSION = 1.0;
				PRODUCT_BUNDLE_IDENTIFIER = com.mehmood.TrendingOnGithub;
				PRODUCT_NAME = "$(TARGET_NAME)";
				SWIFT_EMIT_LOC_STRINGS = YES;
				SWIFT_VERSION = 5.0;
				TARGETED_DEVICE_FAMILY = "1,2";
			};
			name = Release;
		};
		AAD621F328390D4E005E8355 /* Debug */ = {
			isa = XCBuildConfiguration;
			buildSettings = {
				ALWAYS_EMBED_SWIFT_STANDARD_LIBRARIES = YES;
				BUNDLE_LOADER = "$(TEST_HOST)";
				CODE_SIGN_STYLE = Automatic;
				CURRENT_PROJECT_VERSION = 1;
				DEVELOPMENT_TEAM = 2V59WGQZG5;
				GENERATE_INFOPLIST_FILE = YES;
				IPHONEOS_DEPLOYMENT_TARGET = 15.2;
				MARKETING_VERSION = 1.0;
				PRODUCT_BUNDLE_IDENTIFIER = com.mehmood.TrendingOnGithubTests;
				PRODUCT_NAME = "$(TARGET_NAME)";
				SWIFT_EMIT_LOC_STRINGS = NO;
				SWIFT_VERSION = 5.0;
				TARGETED_DEVICE_FAMILY = "1,2";
				TEST_HOST = "$(BUILT_PRODUCTS_DIR)/TrendingOnGithub.app/TrendingOnGithub";
			};
			name = Debug;
		};
		AAD621F428390D4E005E8355 /* Release */ = {
			isa = XCBuildConfiguration;
			buildSettings = {
				ALWAYS_EMBED_SWIFT_STANDARD_LIBRARIES = YES;
				BUNDLE_LOADER = "$(TEST_HOST)";
				CODE_SIGN_STYLE = Automatic;
				CURRENT_PROJECT_VERSION = 1;
				DEVELOPMENT_TEAM = 2V59WGQZG5;
				GENERATE_INFOPLIST_FILE = YES;
				IPHONEOS_DEPLOYMENT_TARGET = 15.2;
				MARKETING_VERSION = 1.0;
				PRODUCT_BUNDLE_IDENTIFIER = com.mehmood.TrendingOnGithubTests;
				PRODUCT_NAME = "$(TARGET_NAME)";
				SWIFT_EMIT_LOC_STRINGS = NO;
				SWIFT_VERSION = 5.0;
				TARGETED_DEVICE_FAMILY = "1,2";
				TEST_HOST = "$(BUILT_PRODUCTS_DIR)/TrendingOnGithub.app/TrendingOnGithub";
			};
			name = Release;
		};
		AAD621F628390D4E005E8355 /* Debug */ = {
			isa = XCBuildConfiguration;
			buildSettings = {
				ALWAYS_EMBED_SWIFT_STANDARD_LIBRARIES = YES;
				CODE_SIGN_STYLE = Automatic;
				CURRENT_PROJECT_VERSION = 1;
				DEVELOPMENT_TEAM = 2V59WGQZG5;
				GENERATE_INFOPLIST_FILE = YES;
				MARKETING_VERSION = 1.0;
				PRODUCT_BUNDLE_IDENTIFIER = com.mehmood.TrendingOnGithubUITests;
				PRODUCT_NAME = "$(TARGET_NAME)";
				SWIFT_EMIT_LOC_STRINGS = NO;
				SWIFT_VERSION = 5.0;
				TARGETED_DEVICE_FAMILY = "1,2";
				TEST_TARGET_NAME = TrendingOnGithub;
			};
			name = Debug;
		};
		AAD621F728390D4E005E8355 /* Release */ = {
			isa = XCBuildConfiguration;
			buildSettings = {
				ALWAYS_EMBED_SWIFT_STANDARD_LIBRARIES = YES;
				CODE_SIGN_STYLE = Automatic;
				CURRENT_PROJECT_VERSION = 1;
				DEVELOPMENT_TEAM = 2V59WGQZG5;
				GENERATE_INFOPLIST_FILE = YES;
				MARKETING_VERSION = 1.0;
				PRODUCT_BUNDLE_IDENTIFIER = com.mehmood.TrendingOnGithubUITests;
				PRODUCT_NAME = "$(TARGET_NAME)";
				SWIFT_EMIT_LOC_STRINGS = NO;
				SWIFT_VERSION = 5.0;
				TARGETED_DEVICE_FAMILY = "1,2";
				TEST_TARGET_NAME = TrendingOnGithub;
			};
			name = Release;
		};
/* End XCBuildConfiguration section */

/* Begin XCConfigurationList section */
		AAD621C028390D4B005E8355 /* Build configuration list for PBXProject "TrendingOnGithub" */ = {
			isa = XCConfigurationList;
			buildConfigurations = (
				AAD621ED28390D4E005E8355 /* Debug */,
				AAD621EE28390D4E005E8355 /* Release */,
			);
			defaultConfigurationIsVisible = 0;
			defaultConfigurationName = Release;
		};
		AAD621EF28390D4E005E8355 /* Build configuration list for PBXNativeTarget "TrendingOnGithub" */ = {
			isa = XCConfigurationList;
			buildConfigurations = (
				AAD621F028390D4E005E8355 /* Debug */,
				AAD621F128390D4E005E8355 /* Release */,
			);
			defaultConfigurationIsVisible = 0;
			defaultConfigurationName = Release;
		};
		AAD621F228390D4E005E8355 /* Build configuration list for PBXNativeTarget "TrendingOnGithubTests" */ = {
			isa = XCConfigurationList;
			buildConfigurations = (
				AAD621F328390D4E005E8355 /* Debug */,
				AAD621F428390D4E005E8355 /* Release */,
			);
			defaultConfigurationIsVisible = 0;
			defaultConfigurationName = Release;
		};
		AAD621F528390D4E005E8355 /* Build configuration list for PBXNativeTarget "TrendingOnGithubUITests" */ = {
			isa = XCConfigurationList;
			buildConfigurations = (
				AAD621F628390D4E005E8355 /* Debug */,
				AAD621F728390D4E005E8355 /* Release */,
			);
			defaultConfigurationIsVisible = 0;
			defaultConfigurationName = Release;
		};
/* End XCConfigurationList section */
	};
	rootObject = AAD621BD28390D4B005E8355 /* Project object */;
}
